
Microsoft Visual Studio Solution File, Format Version 12.00
Project("{FAE04EC0-301F-11D3-BF4B-00C04F79EFBC}") = "Shroomie.Api", "src\Shroomie.Api\Shroomie.Api.csproj", "{97D4CEAB-9E36-4AA2-B746-C955A7705721}"
EndProject
Project("{FAE04EC0-301F-11D3-BF4B-00C04F79EFBC}") = "Shroomie.Fungi", "src\Shroomie.Fungi\Shroomie.Fungi.csproj", "{DB543F82-D3B1-4873-B397-FD305FDE5D43}"
EndProject
Global
	GlobalSection(SolutionConfigurationPlatforms) = preSolution
		Debug|Any CPU = Debug|Any CPU
		Release|Any CPU = Release|Any CPU
	EndGlobalSection
	GlobalSection(ProjectConfigurationPlatforms) = postSolution
		{97D4CEAB-9E36-4AA2-B746-C955A7705721}.Debug|Any CPU.ActiveCfg = Debug|Any CPU
		{97D4CEAB-9E36-4AA2-B746-C955A7705721}.Debug|Any CPU.Build.0 = Debug|Any CPU
		{97D4CEAB-9E36-4AA2-B746-C955A7705721}.Release|Any CPU.ActiveCfg = Release|Any CPU
		{97D4CEAB-9E36-4AA2-B746-C955A7705721}.Release|Any CPU.Build.0 = Release|Any CPU
		{DB543F82-D3B1-4873-B397-FD305FDE5D43}.Debug|Any CPU.ActiveCfg = Debug|Any CPU
		{DB543F82-D3B1-4873-B397-FD305FDE5D43}.Debug|Any CPU.Build.0 = Debug|Any CPU
		{DB543F82-D3B1-4873-B397-FD305FDE5D43}.Release|Any CPU.ActiveCfg = Release|Any CPU
		{DB543F82-D3B1-4873-B397-FD305FDE5D43}.Release|Any CPU.Build.0 = Release|Any CPU
	EndGlobalSection
EndGlobal
